
Microsoft Visual Studio Solution File, Format Version 12.00
Project("{FAE04EC0-301F-11D3-BF4B-00C04F79EFBC}") = "WeatherForecastApi", "WeatherForecastApi\WeatherForecastApi.csproj", "{9291E403-D2AD-474B-B3B5-DD6F77781327}"
EndProject
Global
	GlobalSection(SolutionConfigurationPlatforms) = preSolution
		Debug|Any CPU = Debug|Any CPU
		Release|Any CPU = Release|Any CPU
	EndGlobalSection
	GlobalSection(ProjectConfigurationPlatforms) = postSolution
		{9291E403-D2AD-474B-B3B5-DD6F77781327}.Debug|Any CPU.ActiveCfg = Debug|Any CPU
		{9291E403-D2AD-474B-B3B5-DD6F77781327}.Debug|Any CPU.Build.0 = Debug|Any CPU
		{9291E403-D2AD-474B-B3B5-DD6F77781327}.Release|Any CPU.ActiveCfg = Release|Any CPU
		{9291E403-D2AD-474B-B3B5-DD6F77781327}.Release|Any CPU.Build.0 = Release|Any CPU
	EndGlobalSection
EndGlobal
